// !$*UTF8*$!
{
	archiveVersion = 1;
	classes = {
	};
	objectVersion = 50;
	objects = {

/* Begin PBXBuildFile section */
		304167EC21B0EB1500AADF56 /* AppDelegate.swift in Sources */ = {isa = PBXBuildFile; fileRef = 304167EB21B0EB1500AADF56 /* AppDelegate.swift */; };
		304167EE21B0EB1500AADF56 /* ViewController.swift in Sources */ = {isa = PBXBuildFile; fileRef = 304167ED21B0EB1500AADF56 /* ViewController.swift */; };
		304167F121B0EB1500AADF56 /* Main.storyboard in Resources */ = {isa = PBXBuildFile; fileRef = 304167EF21B0EB1500AADF56 /* Main.storyboard */; };
		304167F321B0EB1700AADF56 /* Assets.xcassets in Resources */ = {isa = PBXBuildFile; fileRef = 304167F221B0EB1700AADF56 /* Assets.xcassets */; };
		304167F621B0EB1700AADF56 /* LaunchScreen.storyboard in Resources */ = {isa = PBXBuildFile; fileRef = 304167F421B0EB1700AADF56 /* LaunchScreen.storyboard */; };
		304167FF21B0EBB400AADF56 /* AASphereView.swift in Sources */ = {isa = PBXBuildFile; fileRef = 304167FE21B0EBB400AADF56 /* AASphereView.swift */; };
		3041680121B1150B00AADF56 /* AAPoint.swift in Sources */ = {isa = PBXBuildFile; fileRef = 3041680021B1150B00AADF56 /* AAPoint.swift */; };
		3041682121B50DC300AADF56 /* MatrixSubscripting.swift in Sources */ = {isa = PBXBuildFile; fileRef = 3041681C21B50DC300AADF56 /* MatrixSubscripting.swift */; };
		3041682221B50DC300AADF56 /* MatrixConcatenation.swift in Sources */ = {isa = PBXBuildFile; fileRef = 3041681D21B50DC300AADF56 /* MatrixConcatenation.swift */; };
		3041682321B50DC400AADF56 /* Matrix.swift in Sources */ = {isa = PBXBuildFile; fileRef = 3041681E21B50DC300AADF56 /* Matrix.swift */; };
		3041682421B50DC400AADF56 /* MatrixMultiplication.swift in Sources */ = {isa = PBXBuildFile; fileRef = 3041681F21B50DC300AADF56 /* MatrixMultiplication.swift */; };
		3041682521B50DC400AADF56 /* MatrixCreation.swift in Sources */ = {isa = PBXBuildFile; fileRef = 3041682021B50DC300AADF56 /* MatrixCreation.swift */; };
/* End PBXBuildFile section */

/* Begin PBXFileReference section */
		304167E821B0EB1500AADF56 /* Test.app */ = {isa = PBXFileReference; explicitFileType = wrapper.application; includeInIndex = 0; path = Test.app; sourceTree = BUILT_PRODUCTS_DIR; };
		304167EB21B0EB1500AADF56 /* AppDelegate.swift */ = {isa = PBXFileReference; lastKnownFileType = sourcecode.swift; path = AppDelegate.swift; sourceTree = "<group>"; };
		304167ED21B0EB1500AADF56 /* ViewController.swift */ = {isa = PBXFileReference; lastKnownFileType = sourcecode.swift; path = ViewController.swift; sourceTree = "<group>"; };
		304167F021B0EB1500AADF56 /* Base */ = {isa = PBXFileReference; lastKnownFileType = file.storyboard; name = Base; path = Base.lproj/Main.storyboard; sourceTree = "<group>"; };
		304167F221B0EB1700AADF56 /* Assets.xcassets */ = {isa = PBXFileReference; lastKnownFileType = folder.assetcatalog; path = Assets.xcassets; sourceTree = "<group>"; };
		304167F521B0EB1700AADF56 /* Base */ = {isa = PBXFileReference; lastKnownFileType = file.storyboard; name = Base; path = Base.lproj/LaunchScreen.storyboard; sourceTree = "<group>"; };
		304167F721B0EB1700AADF56 /* Info.plist */ = {isa = PBXFileReference; lastKnownFileType = text.plist.xml; path = Info.plist; sourceTree = "<group>"; };
		304167FE21B0EBB400AADF56 /* AASphereView.swift */ = {isa = PBXFileReference; lastKnownFileType = sourcecode.swift; path = AASphereView.swift; sourceTree = "<group>"; };
		3041680021B1150B00AADF56 /* AAPoint.swift */ = {isa = PBXFileReference; lastKnownFileType = sourcecode.swift; path = AAPoint.swift; sourceTree = "<group>"; };
		3041681C21B50DC300AADF56 /* MatrixSubscripting.swift */ = {isa = PBXFileReference; fileEncoding = 4; lastKnownFileType = sourcecode.swift; path = MatrixSubscripting.swift; sourceTree = "<group>"; };
		3041681D21B50DC300AADF56 /* MatrixConcatenation.swift */ = {isa = PBXFileReference; fileEncoding = 4; lastKnownFileType = sourcecode.swift; path = MatrixConcatenation.swift; sourceTree = "<group>"; };
		3041681E21B50DC300AADF56 /* Matrix.swift */ = {isa = PBXFileReference; fileEncoding = 4; lastKnownFileType = sourcecode.swift; path = Matrix.swift; sourceTree = "<group>"; };
		3041681F21B50DC300AADF56 /* MatrixMultiplication.swift */ = {isa = PBXFileReference; fileEncoding = 4; lastKnownFileType = sourcecode.swift; path = MatrixMultiplication.swift; sourceTree = "<group>"; };
		3041682021B50DC300AADF56 /* MatrixCreation.swift */ = {isa = PBXFileReference; fileEncoding = 4; lastKnownFileType = sourcecode.swift; path = MatrixCreation.swift; sourceTree = "<group>"; };
/* End PBXFileReference section */

/* Begin PBXFrameworksBuildPhase section */
		304167E521B0EB1500AADF56 /* Frameworks */ = {
			isa = PBXFrameworksBuildPhase;
			buildActionMask = 2147483647;
			files = (
			);
			runOnlyForDeploymentPostprocessing = 0;
		};
/* End PBXFrameworksBuildPhase section */

/* Begin PBXGroup section */
		304167DF21B0EB1500AADF56 = {
			isa = PBXGroup;
			children = (
				304167EA21B0EB1500AADF56 /* Test */,
				304167E921B0EB1500AADF56 /* Products */,
			);
			sourceTree = "<group>";
		};
		304167E921B0EB1500AADF56 /* Products */ = {
			isa = PBXGroup;
			children = (
				304167E821B0EB1500AADF56 /* Test.app */,
			);
			name = Products;
			sourceTree = "<group>";
		};
		304167EA21B0EB1500AADF56 /* Test */ = {
			isa = PBXGroup;
			children = (
				304167FD21B0EB6900AADF56 /* AASphereView */,
				304167EB21B0EB1500AADF56 /* AppDelegate.swift */,
				304167ED21B0EB1500AADF56 /* ViewController.swift */,
				304167EF21B0EB1500AADF56 /* Main.storyboard */,
				304167F221B0EB1700AADF56 /* Assets.xcassets */,
				304167F421B0EB1700AADF56 /* LaunchScreen.storyboard */,
				304167F721B0EB1700AADF56 /* Info.plist */,
			);
			path = Test;
			sourceTree = "<group>";
		};
		304167FD21B0EB6900AADF56 /* AASphereView */ = {
			isa = PBXGroup;
			children = (
				304167FE21B0EBB400AADF56 /* AASphereView.swift */,
				3041680021B1150B00AADF56 /* AAPoint.swift */,
				3041681E21B50DC300AADF56 /* Matrix.swift */,
				3041681D21B50DC300AADF56 /* MatrixConcatenation.swift */,
				3041682021B50DC300AADF56 /* MatrixCreation.swift */,
				3041681F21B50DC300AADF56 /* MatrixMultiplication.swift */,
				3041681C21B50DC300AADF56 /* MatrixSubscripting.swift */,
			);
			path = AASphereView;
			sourceTree = "<group>";
		};
/* End PBXGroup section */

/* Begin PBXNativeTarget section */
		304167E721B0EB1500AADF56 /* Test */ = {
			isa = PBXNativeTarget;
			buildConfigurationList = 304167FA21B0EB1700AADF56 /* Build configuration list for PBXNativeTarget "Test" */;
			buildPhases = (
				304167E421B0EB1500AADF56 /* Sources */,
				304167E521B0EB1500AADF56 /* Frameworks */,
				304167E621B0EB1500AADF56 /* Resources */,
			);
			buildRules = (
			);
			dependencies = (
			);
			name = Test;
			productName = Test;
			productReference = 304167E821B0EB1500AADF56 /* Test.app */;
			productType = "com.apple.product-type.application";
		};
/* End PBXNativeTarget section */

/* Begin PBXProject section */
		304167E021B0EB1500AADF56 /* Project object */ = {
			isa = PBXProject;
			attributes = {
				LastSwiftUpdateCheck = 1010;
				LastUpgradeCheck = 1010;
				ORGANIZATIONNAME = "Aaron Feng";
				TargetAttributes = {
					304167E721B0EB1500AADF56 = {
						CreatedOnToolsVersion = 10.1;
					};
				};
			};
			buildConfigurationList = 304167E321B0EB1500AADF56 /* Build configuration list for PBXProject "Test" */;
			compatibilityVersion = "Xcode 9.3";
			developmentRegion = en;
			hasScannedForEncodings = 0;
			knownRegions = (
				en,
				Base,
			);
			mainGroup = 304167DF21B0EB1500AADF56;
			productRefGroup = 304167E921B0EB1500AADF56 /* Products */;
			projectDirPath = "";
			projectRoot = "";
			targets = (
				304167E721B0EB1500AADF56 /* Test */,
			);
		};
/* End PBXProject section */

/* Begin PBXResourcesBuildPhase section */
		304167E621B0EB1500AADF56 /* Resources */ = {
			isa = PBXResourcesBuildPhase;
			buildActionMask = 2147483647;
			files = (
				304167F621B0EB1700AADF56 /* LaunchScreen.storyboard in Resources */,
				304167F321B0EB1700AADF56 /* Assets.xcassets in Resources */,
				304167F121B0EB1500AADF56 /* Main.storyboard in Resources */,
			);
			runOnlyForDeploymentPostprocessing = 0;
		};
/* End PBXResourcesBuildPhase section */

/* Begin PBXSourcesBuildPhase section */
		304167E421B0EB1500AADF56 /* Sources */ = {
			isa = PBXSourcesBuildPhase;
			buildActionMask = 2147483647;
			files = (
				3041682421B50DC400AADF56 /* MatrixMultiplication.swift in Sources */,
				3041682521B50DC400AADF56 /* MatrixCreation.swift in Sources */,
				3041682321B50DC400AADF56 /* Matrix.swift in Sources */,
				3041680121B1150B00AADF56 /* AAPoint.swift in Sources */,
				304167FF21B0EBB400AADF56 /* AASphereView.swift in Sources */,
				3041682121B50DC300AADF56 /* MatrixSubscripting.swift in Sources */,
				3041682221B50DC300AADF56 /* MatrixConcatenation.swift in Sources */,
				304167EE21B0EB1500AADF56 /* ViewController.swift in Sources */,
				304167EC21B0EB1500AADF56 /* AppDelegate.swift in Sources */,
			);
			runOnlyForDeploymentPostprocessing = 0;
		};
/* End PBXSourcesBuildPhase section */

/* Begin PBXVariantGroup section */
		304167EF21B0EB1500AADF56 /* Main.storyboard */ = {
			isa = PBXVariantGroup;
			children = (
				304167F021B0EB1500AADF56 /* Base */,
			);
			name = Main.storyboard;
			sourceTree = "<group>";
		};
		304167F421B0EB1700AADF56 /* LaunchScreen.storyboard */ = {
			isa = PBXVariantGroup;
			children = (
				304167F521B0EB1700AADF56 /* Base */,
			);
			name = LaunchScreen.storyboard;
			sourceTree = "<group>";
		};
/* End PBXVariantGroup section */

/* Begin XCBuildConfiguration section */
		304167F821B0EB1700AADF56 /* Debug */ = {
			isa = XCBuildConfiguration;
			buildSettings = {
				ALWAYS_SEARCH_USER_PATHS = NO;
				CLANG_ANALYZER_NONNULL = YES;
				CLANG_ANALYZER_NUMBER_OBJECT_CONVERSION = YES_AGGRESSIVE;
				CLANG_CXX_LANGUAGE_STANDARD = "gnu++14";
				CLANG_CXX_LIBRARY = "libc++";
				CLANG_ENABLE_MODULES = YES;
				CLANG_ENABLE_OBJC_ARC = YES;
				CLANG_ENABLE_OBJC_WEAK = YES;
				CLANG_WARN_BLOCK_CAPTURE_AUTORELEASING = YES;
				CLANG_WARN_BOOL_CONVERSION = YES;
				CLANG_WARN_COMMA = YES;
				CLANG_WARN_CONSTANT_CONVERSION = YES;
				CLANG_WARN_DEPRECATED_OBJC_IMPLEMENTATIONS = YES;
				CLANG_WARN_DIRECT_OBJC_ISA_USAGE = YES_ERROR;
				CLANG_WARN_DOCUMENTATION_COMMENTS = YES;
				CLANG_WARN_EMPTY_BODY = YES;
				CLANG_WARN_ENUM_CONVERSION = YES;
				CLANG_WARN_INFINITE_RECURSION = YES;
				CLANG_WARN_INT_CONVERSION = YES;
				CLANG_WARN_NON_LITERAL_NULL_CONVERSION = YES;
				CLANG_WARN_OBJC_IMPLICIT_RETAIN_SELF = YES;
				CLANG_WARN_OBJC_LITERAL_CONVERSION = YES;
				CLANG_WARN_OBJC_ROOT_CLASS = YES_ERROR;
				CLANG_WARN_RANGE_LOOP_ANALYSIS = YES;
				CLANG_WARN_STRICT_PROTOTYPES = YES;
				CLANG_WARN_SUSPICIOUS_MOVE = YES;
				CLANG_WARN_UNGUARDED_AVAILABILITY = YES_AGGRESSIVE;
				CLANG_WARN_UNREACHABLE_CODE = YES;
				CLANG_WARN__DUPLICATE_METHOD_MATCH = YES;
				CODE_SIGN_IDENTITY = "iPhone Developer";
				COPY_PHASE_STRIP = NO;
				DEBUG_INFORMATION_FORMAT = dwarf;
				ENABLE_STRICT_OBJC_MSGSEND = YES;
				ENABLE_TESTABILITY = YES;
				GCC_C_LANGUAGE_STANDARD = gnu11;
				GCC_DYNAMIC_NO_PIC = NO;
				GCC_NO_COMMON_BLOCKS = YES;
				GCC_OPTIMIZATION_LEVEL = 0;
				GCC_PREPROCESSOR_DEFINITIONS = (
					"DEBUG=1",
					"$(inherited)",
				);
				GCC_WARN_64_TO_32_BIT_CONVERSION = YES;
				GCC_WARN_ABOUT_RETURN_TYPE = YES_ERROR;
				GCC_WARN_UNDECLARED_SELECTOR = YES;
				GCC_WARN_UNINITIALIZED_AUTOS = YES_AGGRESSIVE;
				GCC_WARN_UNUSED_FUNCTION = YES;
				GCC_WARN_UNUSED_VARIABLE = YES;
				IPHONEOS_DEPLOYMENT_TARGET = 12.1;
				MTL_ENABLE_DEBUG_INFO = INCLUDE_SOURCE;
				MTL_FAST_MATH = YES;
				ONLY_ACTIVE_ARCH = YES;
				SDKROOT = iphoneos;
				SWIFT_ACTIVE_COMPILATION_CONDITIONS = DEBUG;
				SWIFT_OPTIMIZATION_LEVEL = "-Onone";
			};
			name = Debug;
		};
		304167F921B0EB1700AADF56 /* Release */ = {
			isa = XCBuildConfiguration;
			buildSettings = {
				ALWAYS_SEARCH_USER_PATHS = NO;
				CLANG_ANALYZER_NONNULL = YES;
				CLANG_ANALYZER_NUMBER_OBJECT_CONVERSION = YES_AGGRESSIVE;
				CLANG_CXX_LANGUAGE_STANDARD = "gnu++14";
				CLANG_CXX_LIBRARY = "libc++";
				CLANG_ENABLE_MODULES = YES;
				CLANG_ENABLE_OBJC_ARC = YES;
				CLANG_ENABLE_OBJC_WEAK = YES;
				CLANG_WARN_BLOCK_CAPTURE_AUTORELEASING = YES;
				CLANG_WARN_BOOL_CONVERSION = YES;
				CLANG_WARN_COMMA = YES;
				CLANG_WARN_CONSTANT_CONVERSION = YES;
				CLANG_WARN_DEPRECATED_OBJC_IMPLEMENTATIONS = YES;
				CLANG_WARN_DIRECT_OBJC_ISA_USAGE = YES_ERROR;
				CLANG_WARN_DOCUMENTATION_COMMENTS = YES;
				CLANG_WARN_EMPTY_BODY = YES;
				CLANG_WARN_ENUM_CONVERSION = YES;
				CLANG_WARN_INFINITE_RECURSION = YES;
				CLANG_WARN_INT_CONVERSION = YES;
				CLANG_WARN_NON_LITERAL_NULL_CONVERSION = YES;
				CLANG_WARN_OBJC_IMPLICIT_RETAIN_SELF = YES;
				CLANG_WARN_OBJC_LITERAL_CONVERSION = YES;
				CLANG_WARN_OBJC_ROOT_CLASS = YES_ERROR;
				CLANG_WARN_RANGE_LOOP_ANALYSIS = YES;
				CLANG_WARN_STRICT_PROTOTYPES = YES;
				CLANG_WARN_SUSPICIOUS_MOVE = YES;
				CLANG_WARN_UNGUARDED_AVAILABILITY = YES_AGGRESSIVE;
				CLANG_WARN_UNREACHABLE_CODE = YES;
				CLANG_WARN__DUPLICATE_METHOD_MATCH = YES;
				CODE_SIGN_IDENTITY = "iPhone Developer";
				COPY_PHASE_STRIP = NO;
				DEBUG_INFORMATION_FORMAT = "dwarf-with-dsym";
				ENABLE_NS_ASSERTIONS = NO;
				ENABLE_STRICT_OBJC_MSGSEND = YES;
				GCC_C_LANGUAGE_STANDARD = gnu11;
				GCC_NO_COMMON_BLOCKS = YES;
				GCC_WARN_64_TO_32_BIT_CONVERSION = YES;
				GCC_WARN_ABOUT_RETURN_TYPE = YES_ERROR;
				GCC_WARN_UNDECLARED_SELECTOR = YES;
				GCC_WARN_UNINITIALIZED_AUTOS = YES_AGGRESSIVE;
				GCC_WARN_UNUSED_FUNCTION = YES;
				GCC_WARN_UNUSED_VARIABLE = YES;
				IPHONEOS_DEPLOYMENT_TARGET = 12.1;
				MTL_ENABLE_DEBUG_INFO = NO;
				MTL_FAST_MATH = YES;
				SDKROOT = iphoneos;
				SWIFT_COMPILATION_MODE = wholemodule;
				SWIFT_OPTIMIZATION_LEVEL = "-O";
				VALIDATE_PRODUCT = YES;
			};
			name = Release;
		};
		304167FB21B0EB1700AADF56 /* Debug */ = {
			isa = XCBuildConfiguration;
			buildSettings = {
				ASSETCATALOG_COMPILER_APPICON_NAME = AppIcon;
				CODE_SIGN_STYLE = Automatic;
				DEVELOPMENT_TEAM = MV9B26HCTK;
				INFOPLIST_FILE = Test/Info.plist;
				IPHONEOS_DEPLOYMENT_TARGET = 8.0;
				LD_RUNPATH_SEARCH_PATHS = (
					"$(inherited)",
					"@executable_path/Frameworks",
				);
				PRODUCT_BUNDLE_IDENTIFIER = "Aaron-Feng.Test1224";
				PRODUCT_NAME = "$(TARGET_NAME)";
				SWIFT_VERSION = 4.2;
				TARGETED_DEVICE_FAMILY = "1,2";
			};
			name = Debug;
		};
		304167FC21B0EB1700AADF56 /* Release */ = {
			isa = XCBuildConfiguration;
			buildSettings = {
				ASSETCATALOG_COMPILER_APPICON_NAME = AppIcon;
				CODE_SIGN_STYLE = Automatic;
				DEVELOPMENT_TEAM = MV9B26HCTK;
				INFOPLIST_FILE = Test/Info.plist;
				IPHONEOS_DEPLOYMENT_TARGET = 8.0;
				LD_RUNPATH_SEARCH_PATHS = (
					"$(inherited)",
					"@executable_path/Frameworks",
				);
				PRODUCT_BUNDLE_IDENTIFIER = "Aaron-Feng.Test1224";
				PRODUCT_NAME = "$(TARGET_NAME)";
				SWIFT_VERSION = 4.2;
				TARGETED_DEVICE_FAMILY = "1,2";
			};
			name = Release;
		};
/* End XCBuildConfiguration section */

/* Begin XCConfigurationList section */
		304167E321B0EB1500AADF56 /* Build configuration list for PBXProject "Test" */ = {
			isa = XCConfigurationList;
			buildConfigurations = (
				304167F821B0EB1700AADF56 /* Debug */,
				304167F921B0EB1700AADF56 /* Release */,
			);
			defaultConfigurationIsVisible = 0;
			defaultConfigurationName = Release;
		};
		304167FA21B0EB1700AADF56 /* Build configuration list for PBXNativeTarget "Test" */ = {
			isa = XCConfigurationList;
			buildConfigurations = (
				304167FB21B0EB1700AADF56 /* Debug */,
				304167FC21B0EB1700AADF56 /* Release */,
			);
			defaultConfigurationIsVisible = 0;
			defaultConfigurationName = Release;
		};
/* End XCConfigurationList section */
	};
	rootObject = 304167E021B0EB1500AADF56 /* Project object */;
}
